
Microsoft Visual Studio Solution File, Format Version 12.00
# Visual Studio 15
VisualStudioVersion = 15.0.28010.2050
MinimumVisualStudioVersion = 10.0.40219.1
Project("{FAE04EC0-301F-11D3-BF4B-00C04F79EFBC}") = "EntityFrameworkExample", "EntityFrameworkExample\EntityFrameworkExample.csproj", "{1611A607-4C22-4365-8E7D-A268019EAE15}"
EndProject
Global
	GlobalSection(SolutionConfigurationPlatforms) = preSolution
		Debug|Any CPU = Debug|Any CPU
		Release|Any CPU = Release|Any CPU
	EndGlobalSection
	GlobalSection(ProjectConfigurationPlatforms) = postSolution
		{1611A607-4C22-4365-8E7D-A268019EAE15}.Debug|Any CPU.ActiveCfg = Debug|Any CPU
		{1611A607-4C22-4365-8E7D-A268019EAE15}.Debug|Any CPU.Build.0 = Debug|Any CPU
		{1611A607-4C22-4365-8E7D-A268019EAE15}.Release|Any CPU.ActiveCfg = Release|Any CPU
		{1611A607-4C22-4365-8E7D-A268019EAE15}.Release|Any CPU.Build.0 = Release|Any CPU
	EndGlobalSection
	GlobalSection(SolutionProperties) = preSolution
		HideSolutionNode = FALSE
	EndGlobalSection
	GlobalSection(ExtensibilityGlobals) = postSolution
		SolutionGuid = {D1DF0C2A-49A7-4109-B5D6-69FA0BB23902}
	EndGlobalSection
EndGlobal
